
Microsoft Visual Studio Solution File, Format Version 12.00
# Visual Studio Version 16
VisualStudioVersion = 16.0.29806.167
MinimumVisualStudioVersion = 10.0.40219.1
Project("{FAE04EC0-301F-11D3-BF4B-00C04F79EFBC}") = "RMS.Component.Common", "RMS.Component.Common\RMS.Component.Common.csproj", "{3E6E38C2-A11E-4040-8E4B-7E678F56988F}"
EndProject
Project("{FAE04EC0-301F-11D3-BF4B-00C04F79EFBC}") = "RMS.Component.Communication", "RMS.Component.Communication\RMS.Component.Communication.csproj", "{39E18644-822D-48DB-ACF3-1DC617E4587B}"
EndProject
Project("{FAE04EC0-301F-11D3-BF4B-00C04F79EFBC}") = "RMS.Component.Configuration", "RMS.Component.Configuration\RMS.Component.Configuration.csproj", "{BA0AA6FA-2253-4A6A-A062-AB0F87C22815}"
EndProject
Project("{FAE04EC0-301F-11D3-BF4B-00C04F79EFBC}") = "RMS.Component.Logging", "RMS.Component.Logging\RMS.Component.Logging.csproj", "{6ECB1EF7-2C8F-4A75-BBA0-C772372973E3}"
EndProject
Project("{FAE04EC0-301F-11D3-BF4B-00C04F79EFBC}") = "RMS.Component.Logging.Models", "RMS.Component.Logging.Models\RMS.Component.Logging.Models.csproj", "{571725D2-91C0-4BCB-B837-35F3CBF5DB35}"
EndProject
Project("{FAE04EC0-301F-11D3-BF4B-00C04F79EFBC}") = "RMS.Component.RestHelper", "RMS.Component.RestHelper\RMS.Component.RestHelper.csproj", "{D36A1C37-0C2A-4838-835A-6712A3F84E37}"
EndProject
Project("{FAE04EC0-301F-11D3-BF4B-00C04F79EFBC}") = "RMS.Component.Security", "RMS.Component.Security\RMS.Component.Security.csproj", "{06AB29E2-3153-498A-A671-2AD853700979}"
EndProject
Project("{FAE04EC0-301F-11D3-BF4B-00C04F79EFBC}") = "RMS.Component.WebApi", "RMS.Component.WebApi\RMS.Component.WebApi.csproj", "{A4FE70FD-6186-4843-BE09-C6EF564156B0}"
EndProject
Project("{FAE04EC0-301F-11D3-BF4B-00C04F79EFBC}") = "RMS.Server.BusinessLogic", "RMS.Server.BusinessLogic\RMS.Server.BusinessLogic.csproj", "{33DCB54F-788A-483F-B1EB-F7BA0BDD6D3E}"
EndProject
Project("{FAE04EC0-301F-11D3-BF4B-00C04F79EFBC}") = "RMS.Component.Wmi", "RMS.Component.Wmi\RMS.Component.Wmi.csproj", "{F3337F40-4BAC-4EC1-BD5B-E230F1B2EC72}"
EndProject
Project("{FAE04EC0-301F-11D3-BF4B-00C04F79EFBC}") = "RMS.Server.DataTypes", "RMS.Server.DataTypes\RMS.Server.DataTypes.csproj", "{923D555C-A354-45DE-8D8C-237A124F942D}"
EndProject
Project("{FAE04EC0-301F-11D3-BF4B-00C04F79EFBC}") = "RMS.Server.Tcp", "RMS.Server.Tcp\RMS.Server.Tcp.csproj", "{B1F94983-6D3A-485C-9EF5-8800119517CC}"
EndProject
Project("{FAE04EC0-301F-11D3-BF4B-00C04F79EFBC}") = "RMS.Server.WebApi", "RMS.Server.WebApi\RMS.Server.WebApi.csproj", "{70903F55-7E3F-4ADC-92C9-C46B7B346421}"
EndProject
Project("{FAE04EC0-301F-11D3-BF4B-00C04F79EFBC}") = "RMS.Services.Tests", "RMS.Services.Tests\RMS.Services.Tests.csproj", "{F89A18CE-2101-4A6D-A2B3-3FD60EF8E0B2}"
EndProject
Project("{FAE04EC0-301F-11D3-BF4B-00C04F79EFBC}") = "RMS.Component.DataAccess", "RMS.Component.DataAccess\RMS.Component.DataAccess.csproj", "{309F3EA2-922A-498B-8F84-BB8F514253E3}"
EndProject
Project("{FAE04EC0-301F-11D3-BF4B-00C04F79EFBC}") = "RMS.Parser", "RMS.Parser\RMS.Parser.csproj", "{6282BE99-CE20-4331-B67F-35B216DF771A}"
EndProject
Project("{FAE04EC0-301F-11D3-BF4B-00C04F79EFBC}") = "LoreSoft.MathExpressions", "LoreSoft.MathExpressions\LoreSoft.MathExpressions.csproj", "{B6813448-FCE2-429C-81B5-9722FEA839B8}"
EndProject
Project("{FAE04EC0-301F-11D3-BF4B-00C04F79EFBC}") = "RMS.Core", "RMS.Core\RMS.Core.csproj", "{E5740B08-507A-4B3A-AE2C-9018D4005671}"
EndProject
Project("{FAE04EC0-301F-11D3-BF4B-00C04F79EFBC}") = "RMS.Gateway", "RMS.Gateway\RMS.Gateway.csproj", "{8A7BD567-7F1A-4C5E-915A-F9DB01554C9A}"
EndProject
Project("{FAE04EC0-301F-11D3-BF4B-00C04F79EFBC}") = "RMS.Network", "RMS.Network\RMS.Network.csproj", "{EDE4D6E2-4BC4-48E5-854D-F89197E4D5D4}"
EndProject
Project("{FAE04EC0-301F-11D3-BF4B-00C04F79EFBC}") = "RMS.Simulator", "RMS.Simulator\RMS.Simulator.csproj", "{75381455-8932-4820-8D32-EBAFD15575BB}"
EndProject
Project("{FAE04EC0-301F-11D3-BF4B-00C04F79EFBC}") = "RMS.AWS", "RMS.AwsClient\RMS.AWS.csproj", "{8A8B2C11-8BC2-41E9-8092-6D4689CAD6DA}"
EndProject
Project("{FAE04EC0-301F-11D3-BF4B-00C04F79EFBC}") = "RMS.Test", "RMS.Test\RMS.Test.csproj", "{DD187597-EFA3-4839-AC7D-77E836218DAA}"
EndProject
Project("{FAE04EC0-301F-11D3-BF4B-00C04F79EFBC}") = "RMS.TerminalCommandSender", "RMS.ServiceTestApp\RMS.TerminalCommandSender.csproj", "{8F40979D-89C8-4944-AB6D-017392CEE38D}"
EndProject
Project("{FAE04EC0-301F-11D3-BF4B-00C04F79EFBC}") = "RMS.Component.DataAccess.SQLite", "RMS.Component.DataAccess.SQLite\RMS.Component.DataAccess.SQLite.csproj", "{E2C327B1-BDEA-436C-BB00-993F8B2351AD}"
EndProject
Project("{FAE04EC0-301F-11D3-BF4B-00C04F79EFBC}") = "RMS.Protocol", "RMS.Protocol\RMS.Protocol.csproj", "{0B2636C1-D2C7-4D9C-AACB-7010E2FC6ECA}"
EndProject
Project("{FAE04EC0-301F-11D3-BF4B-00C04F79EFBC}") = "RMS.Component.Communication.Configuration", "RMS.Component.Communication.Configuration\RMS.Component.Communication.Configuration.csproj", "{22149FD6-70B1-48D8-A889-B264E3A523E1}"
EndProject
Global
	GlobalSection(SolutionConfigurationPlatforms) = preSolution
		Debug|Any CPU = Debug|Any CPU
		Debug|x64 = Debug|x64
		Debug|x86 = Debug|x86
		Release|Any CPU = Release|Any CPU
		Release|x64 = Release|x64
		Release|x86 = Release|x86
	EndGlobalSection
	GlobalSection(ProjectConfigurationPlatforms) = postSolution
		{3E6E38C2-A11E-4040-8E4B-7E678F56988F}.Debug|Any CPU.ActiveCfg = Debug|Any CPU
		{3E6E38C2-A11E-4040-8E4B-7E678F56988F}.Debug|Any CPU.Build.0 = Debug|Any CPU
		{3E6E38C2-A11E-4040-8E4B-7E678F56988F}.Debug|x64.ActiveCfg = Debug|Any CPU
		{3E6E38C2-A11E-4040-8E4B-7E678F56988F}.Debug|x64.Build.0 = Debug|Any CPU
		{3E6E38C2-A11E-4040-8E4B-7E678F56988F}.Debug|x86.ActiveCfg = Debug|Any CPU
		{3E6E38C2-A11E-4040-8E4B-7E678F56988F}.Debug|x86.Build.0 = Debug|Any CPU
		{3E6E38C2-A11E-4040-8E4B-7E678F56988F}.Release|Any CPU.ActiveCfg = Release|Any CPU
		{3E6E38C2-A11E-4040-8E4B-7E678F56988F}.Release|Any CPU.Build.0 = Release|Any CPU
		{3E6E38C2-A11E-4040-8E4B-7E678F56988F}.Release|x64.ActiveCfg = Release|Any CPU
		{3E6E38C2-A11E-4040-8E4B-7E678F56988F}.Release|x64.Build.0 = Release|Any CPU
		{3E6E38C2-A11E-4040-8E4B-7E678F56988F}.Release|x86.ActiveCfg = Release|Any CPU
		{3E6E38C2-A11E-4040-8E4B-7E678F56988F}.Release|x86.Build.0 = Release|Any CPU
		{39E18644-822D-48DB-ACF3-1DC617E4587B}.Debug|Any CPU.ActiveCfg = Debug|Any CPU
		{39E18644-822D-48DB-ACF3-1DC617E4587B}.Debug|Any CPU.Build.0 = Debug|Any CPU
		{39E18644-822D-48DB-ACF3-1DC617E4587B}.Debug|x64.ActiveCfg = Debug|Any CPU
		{39E18644-822D-48DB-ACF3-1DC617E4587B}.Debug|x64.Build.0 = Debug|Any CPU
		{39E18644-822D-48DB-ACF3-1DC617E4587B}.Debug|x86.ActiveCfg = Debug|Any CPU
		{39E18644-822D-48DB-ACF3-1DC617E4587B}.Debug|x86.Build.0 = Debug|Any CPU
		{39E18644-822D-48DB-ACF3-1DC617E4587B}.Release|Any CPU.ActiveCfg = Release|Any CPU
		{39E18644-822D-48DB-ACF3-1DC617E4587B}.Release|Any CPU.Build.0 = Release|Any CPU
		{39E18644-822D-48DB-ACF3-1DC617E4587B}.Release|x64.ActiveCfg = Release|Any CPU
		{39E18644-822D-48DB-ACF3-1DC617E4587B}.Release|x64.Build.0 = Release|Any CPU
		{39E18644-822D-48DB-ACF3-1DC617E4587B}.Release|x86.ActiveCfg = Release|Any CPU
		{39E18644-822D-48DB-ACF3-1DC617E4587B}.Release|x86.Build.0 = Release|Any CPU
		{BA0AA6FA-2253-4A6A-A062-AB0F87C22815}.Debug|Any CPU.ActiveCfg = Debug|Any CPU
		{BA0AA6FA-2253-4A6A-A062-AB0F87C22815}.Debug|Any CPU.Build.0 = Debug|Any CPU
		{BA0AA6FA-2253-4A6A-A062-AB0F87C22815}.Debug|x64.ActiveCfg = Debug|Any CPU
		{BA0AA6FA-2253-4A6A-A062-AB0F87C22815}.Debug|x64.Build.0 = Debug|Any CPU
		{BA0AA6FA-2253-4A6A-A062-AB0F87C22815}.Debug|x86.ActiveCfg = Debug|Any CPU
		{BA0AA6FA-2253-4A6A-A062-AB0F87C22815}.Debug|x86.Build.0 = Debug|Any CPU
		{BA0AA6FA-2253-4A6A-A062-AB0F87C22815}.Release|Any CPU.ActiveCfg = Release|Any CPU
		{BA0AA6FA-2253-4A6A-A062-AB0F87C22815}.Release|Any CPU.Build.0 = Release|Any CPU
		{BA0AA6FA-2253-4A6A-A062-AB0F87C22815}.Release|x64.ActiveCfg = Release|Any CPU
		{BA0AA6FA-2253-4A6A-A062-AB0F87C22815}.Release|x64.Build.0 = Release|Any CPU
		{BA0AA6FA-2253-4A6A-A062-AB0F87C22815}.Release|x86.ActiveCfg = Release|Any CPU
		{BA0AA6FA-2253-4A6A-A062-AB0F87C22815}.Release|x86.Build.0 = Release|Any CPU
		{6ECB1EF7-2C8F-4A75-BBA0-C772372973E3}.Debug|Any CPU.ActiveCfg = Debug|Any CPU
		{6ECB1EF7-2C8F-4A75-BBA0-C772372973E3}.Debug|Any CPU.Build.0 = Debug|Any CPU
		{6ECB1EF7-2C8F-4A75-BBA0-C772372973E3}.Debug|x64.ActiveCfg = Debug|Any CPU
		{6ECB1EF7-2C8F-4A75-BBA0-C772372973E3}.Debug|x64.Build.0 = Debug|Any CPU
		{6ECB1EF7-2C8F-4A75-BBA0-C772372973E3}.Debug|x86.ActiveCfg = Debug|Any CPU
		{6ECB1EF7-2C8F-4A75-BBA0-C772372973E3}.Debug|x86.Build.0 = Debug|Any CPU
		{6ECB1EF7-2C8F-4A75-BBA0-C772372973E3}.Release|Any CPU.ActiveCfg = Release|Any CPU
		{6ECB1EF7-2C8F-4A75-BBA0-C772372973E3}.Release|Any CPU.Build.0 = Release|Any CPU
		{6ECB1EF7-2C8F-4A75-BBA0-C772372973E3}.Release|x64.ActiveCfg = Release|Any CPU
		{6ECB1EF7-2C8F-4A75-BBA0-C772372973E3}.Release|x64.Build.0 = Release|Any CPU
		{6ECB1EF7-2C8F-4A75-BBA0-C772372973E3}.Release|x86.ActiveCfg = Release|Any CPU
		{6ECB1EF7-2C8F-4A75-BBA0-C772372973E3}.Release|x86.Build.0 = Release|Any CPU
		{571725D2-91C0-4BCB-B837-35F3CBF5DB35}.Debug|Any CPU.ActiveCfg = Debug|Any CPU
		{571725D2-91C0-4BCB-B837-35F3CBF5DB35}.Debug|Any CPU.Build.0 = Debug|Any CPU
		{571725D2-91C0-4BCB-B837-35F3CBF5DB35}.Debug|x64.ActiveCfg = Debug|Any CPU
		{571725D2-91C0-4BCB-B837-35F3CBF5DB35}.Debug|x64.Build.0 = Debug|Any CPU
		{571725D2-91C0-4BCB-B837-35F3CBF5DB35}.Debug|x86.ActiveCfg = Debug|Any CPU
		{571725D2-91C0-4BCB-B837-35F3CBF5DB35}.Debug|x86.Build.0 = Debug|Any CPU
		{571725D2-91C0-4BCB-B837-35F3CBF5DB35}.Release|Any CPU.ActiveCfg = Release|Any CPU
		{571725D2-91C0-4BCB-B837-35F3CBF5DB35}.Release|Any CPU.Build.0 = Release|Any CPU
		{571725D2-91C0-4BCB-B837-35F3CBF5DB35}.Release|x64.ActiveCfg = Release|Any CPU
		{571725D2-91C0-4BCB-B837-35F3CBF5DB35}.Release|x64.Build.0 = Release|Any CPU
		{571725D2-91C0-4BCB-B837-35F3CBF5DB35}.Release|x86.ActiveCfg = Release|Any CPU
		{571725D2-91C0-4BCB-B837-35F3CBF5DB35}.Release|x86.Build.0 = Release|Any CPU
		{D36A1C37-0C2A-4838-835A-6712A3F84E37}.Debug|Any CPU.ActiveCfg = Debug|Any CPU
		{D36A1C37-0C2A-4838-835A-6712A3F84E37}.Debug|Any CPU.Build.0 = Debug|Any CPU
		{D36A1C37-0C2A-4838-835A-6712A3F84E37}.Debug|x64.ActiveCfg = Debug|Any CPU
		{D36A1C37-0C2A-4838-835A-6712A3F84E37}.Debug|x64.Build.0 = Debug|Any CPU
		{D36A1C37-0C2A-4838-835A-6712A3F84E37}.Debug|x86.ActiveCfg = Debug|Any CPU
		{D36A1C37-0C2A-4838-835A-6712A3F84E37}.Debug|x86.Build.0 = Debug|Any CPU
		{D36A1C37-0C2A-4838-835A-6712A3F84E37}.Release|Any CPU.ActiveCfg = Release|Any CPU
		{D36A1C37-0C2A-4838-835A-6712A3F84E37}.Release|Any CPU.Build.0 = Release|Any CPU
		{D36A1C37-0C2A-4838-835A-6712A3F84E37}.Release|x64.ActiveCfg = Release|Any CPU
		{D36A1C37-0C2A-4838-835A-6712A3F84E37}.Release|x64.Build.0 = Release|Any CPU
		{D36A1C37-0C2A-4838-835A-6712A3F84E37}.Release|x86.ActiveCfg = Release|Any CPU
		{D36A1C37-0C2A-4838-835A-6712A3F84E37}.Release|x86.Build.0 = Release|Any CPU
		{06AB29E2-3153-498A-A671-2AD853700979}.Debug|Any CPU.ActiveCfg = Debug|Any CPU
		{06AB29E2-3153-498A-A671-2AD853700979}.Debug|Any CPU.Build.0 = Debug|Any CPU
		{06AB29E2-3153-498A-A671-2AD853700979}.Debug|x64.ActiveCfg = Debug|Any CPU
		{06AB29E2-3153-498A-A671-2AD853700979}.Debug|x64.Build.0 = Debug|Any CPU
		{06AB29E2-3153-498A-A671-2AD853700979}.Debug|x86.ActiveCfg = Debug|Any CPU
		{06AB29E2-3153-498A-A671-2AD853700979}.Debug|x86.Build.0 = Debug|Any CPU
		{06AB29E2-3153-498A-A671-2AD853700979}.Release|Any CPU.ActiveCfg = Release|Any CPU
		{06AB29E2-3153-498A-A671-2AD853700979}.Release|Any CPU.Build.0 = Release|Any CPU
		{06AB29E2-3153-498A-A671-2AD853700979}.Release|x64.ActiveCfg = Release|Any CPU
		{06AB29E2-3153-498A-A671-2AD853700979}.Release|x64.Build.0 = Release|Any CPU
		{06AB29E2-3153-498A-A671-2AD853700979}.Release|x86.ActiveCfg = Release|Any CPU
		{06AB29E2-3153-498A-A671-2AD853700979}.Release|x86.Build.0 = Release|Any CPU
		{A4FE70FD-6186-4843-BE09-C6EF564156B0}.Debug|Any CPU.ActiveCfg = Debug|Any CPU
		{A4FE70FD-6186-4843-BE09-C6EF564156B0}.Debug|Any CPU.Build.0 = Debug|Any CPU
		{A4FE70FD-6186-4843-BE09-C6EF564156B0}.Debug|x64.ActiveCfg = Debug|Any CPU
		{A4FE70FD-6186-4843-BE09-C6EF564156B0}.Debug|x64.Build.0 = Debug|Any CPU
		{A4FE70FD-6186-4843-BE09-C6EF564156B0}.Debug|x86.ActiveCfg = Debug|Any CPU
		{A4FE70FD-6186-4843-BE09-C6EF564156B0}.Debug|x86.Build.0 = Debug|Any CPU
		{A4FE70FD-6186-4843-BE09-C6EF564156B0}.Release|Any CPU.ActiveCfg = Release|Any CPU
		{A4FE70FD-6186-4843-BE09-C6EF564156B0}.Release|Any CPU.Build.0 = Release|Any CPU
		{A4FE70FD-6186-4843-BE09-C6EF564156B0}.Release|x64.ActiveCfg = Release|Any CPU
		{A4FE70FD-6186-4843-BE09-C6EF564156B0}.Release|x64.Build.0 = Release|Any CPU
		{A4FE70FD-6186-4843-BE09-C6EF564156B0}.Release|x86.ActiveCfg = Release|Any CPU
		{A4FE70FD-6186-4843-BE09-C6EF564156B0}.Release|x86.Build.0 = Release|Any CPU
		{33DCB54F-788A-483F-B1EB-F7BA0BDD6D3E}.Debug|Any CPU.ActiveCfg = Debug|Any CPU
		{33DCB54F-788A-483F-B1EB-F7BA0BDD6D3E}.Debug|Any CPU.Build.0 = Debug|Any CPU
		{33DCB54F-788A-483F-B1EB-F7BA0BDD6D3E}.Debug|x64.ActiveCfg = Debug|Any CPU
		{33DCB54F-788A-483F-B1EB-F7BA0BDD6D3E}.Debug|x64.Build.0 = Debug|Any CPU
		{33DCB54F-788A-483F-B1EB-F7BA0BDD6D3E}.Debug|x86.ActiveCfg = Debug|Any CPU
		{33DCB54F-788A-483F-B1EB-F7BA0BDD6D3E}.Debug|x86.Build.0 = Debug|Any CPU
		{33DCB54F-788A-483F-B1EB-F7BA0BDD6D3E}.Release|Any CPU.ActiveCfg = Release|Any CPU
		{33DCB54F-788A-483F-B1EB-F7BA0BDD6D3E}.Release|Any CPU.Build.0 = Release|Any CPU
		{33DCB54F-788A-483F-B1EB-F7BA0BDD6D3E}.Release|x64.ActiveCfg = Release|Any CPU
		{33DCB54F-788A-483F-B1EB-F7BA0BDD6D3E}.Release|x64.Build.0 = Release|Any CPU
		{33DCB54F-788A-483F-B1EB-F7BA0BDD6D3E}.Release|x86.ActiveCfg = Release|Any CPU
		{33DCB54F-788A-483F-B1EB-F7BA0BDD6D3E}.Release|x86.Build.0 = Release|Any CPU
		{F3337F40-4BAC-4EC1-BD5B-E230F1B2EC72}.Debug|Any CPU.ActiveCfg = Debug|Any CPU
		{F3337F40-4BAC-4EC1-BD5B-E230F1B2EC72}.Debug|Any CPU.Build.0 = Debug|Any CPU
		{F3337F40-4BAC-4EC1-BD5B-E230F1B2EC72}.Debug|x64.ActiveCfg = Debug|Any CPU
		{F3337F40-4BAC-4EC1-BD5B-E230F1B2EC72}.Debug|x64.Build.0 = Debug|Any CPU
		{F3337F40-4BAC-4EC1-BD5B-E230F1B2EC72}.Debug|x86.ActiveCfg = Debug|Any CPU
		{F3337F40-4BAC-4EC1-BD5B-E230F1B2EC72}.Debug|x86.Build.0 = Debug|Any CPU
		{F3337F40-4BAC-4EC1-BD5B-E230F1B2EC72}.Release|Any CPU.ActiveCfg = Release|Any CPU
		{F3337F40-4BAC-4EC1-BD5B-E230F1B2EC72}.Release|Any CPU.Build.0 = Release|Any CPU
		{F3337F40-4BAC-4EC1-BD5B-E230F1B2EC72}.Release|x64.ActiveCfg = Release|Any CPU
		{F3337F40-4BAC-4EC1-BD5B-E230F1B2EC72}.Release|x64.Build.0 = Release|Any CPU
		{F3337F40-4BAC-4EC1-BD5B-E230F1B2EC72}.Release|x86.ActiveCfg = Release|Any CPU
		{F3337F40-4BAC-4EC1-BD5B-E230F1B2EC72}.Release|x86.Build.0 = Release|Any CPU
		{923D555C-A354-45DE-8D8C-237A124F942D}.Debug|Any CPU.ActiveCfg = Debug|Any CPU
		{923D555C-A354-45DE-8D8C-237A124F942D}.Debug|Any CPU.Build.0 = Debug|Any CPU
		{923D555C-A354-45DE-8D8C-237A124F942D}.Debug|x64.ActiveCfg = Debug|Any CPU
		{923D555C-A354-45DE-8D8C-237A124F942D}.Debug|x64.Build.0 = Debug|Any CPU
		{923D555C-A354-45DE-8D8C-237A124F942D}.Debug|x86.ActiveCfg = Debug|Any CPU
		{923D555C-A354-45DE-8D8C-237A124F942D}.Debug|x86.Build.0 = Debug|Any CPU
		{923D555C-A354-45DE-8D8C-237A124F942D}.Release|Any CPU.ActiveCfg = Release|Any CPU
		{923D555C-A354-45DE-8D8C-237A124F942D}.Release|Any CPU.Build.0 = Release|Any CPU
		{923D555C-A354-45DE-8D8C-237A124F942D}.Release|x64.ActiveCfg = Release|Any CPU
		{923D555C-A354-45DE-8D8C-237A124F942D}.Release|x64.Build.0 = Release|Any CPU
		{923D555C-A354-45DE-8D8C-237A124F942D}.Release|x86.ActiveCfg = Release|Any CPU
		{923D555C-A354-45DE-8D8C-237A124F942D}.Release|x86.Build.0 = Release|Any CPU
		{B1F94983-6D3A-485C-9EF5-8800119517CC}.Debug|Any CPU.ActiveCfg = Debug|Any CPU
		{B1F94983-6D3A-485C-9EF5-8800119517CC}.Debug|Any CPU.Build.0 = Debug|Any CPU
		{B1F94983-6D3A-485C-9EF5-8800119517CC}.Debug|x64.ActiveCfg = Debug|Any CPU
		{B1F94983-6D3A-485C-9EF5-8800119517CC}.Debug|x64.Build.0 = Debug|Any CPU
		{B1F94983-6D3A-485C-9EF5-8800119517CC}.Debug|x86.ActiveCfg = Debug|Any CPU
		{B1F94983-6D3A-485C-9EF5-8800119517CC}.Debug|x86.Build.0 = Debug|Any CPU
		{B1F94983-6D3A-485C-9EF5-8800119517CC}.Release|Any CPU.ActiveCfg = Release|Any CPU
		{B1F94983-6D3A-485C-9EF5-8800119517CC}.Release|Any CPU.Build.0 = Release|Any CPU
		{B1F94983-6D3A-485C-9EF5-8800119517CC}.Release|x64.ActiveCfg = Release|Any CPU
		{B1F94983-6D3A-485C-9EF5-8800119517CC}.Release|x64.Build.0 = Release|Any CPU
		{B1F94983-6D3A-485C-9EF5-8800119517CC}.Release|x86.ActiveCfg = Release|Any CPU
		{B1F94983-6D3A-485C-9EF5-8800119517CC}.Release|x86.Build.0 = Release|Any CPU
		{70903F55-7E3F-4ADC-92C9-C46B7B346421}.Debug|Any CPU.ActiveCfg = Debug|Any CPU
		{70903F55-7E3F-4ADC-92C9-C46B7B346421}.Debug|Any CPU.Build.0 = Debug|Any CPU
		{70903F55-7E3F-4ADC-92C9-C46B7B346421}.Debug|x64.ActiveCfg = Debug|Any CPU
		{70903F55-7E3F-4ADC-92C9-C46B7B346421}.Debug|x64.Build.0 = Debug|Any CPU
		{70903F55-7E3F-4ADC-92C9-C46B7B346421}.Debug|x86.ActiveCfg = Debug|Any CPU
		{70903F55-7E3F-4ADC-92C9-C46B7B346421}.Debug|x86.Build.0 = Debug|Any CPU
		{70903F55-7E3F-4ADC-92C9-C46B7B346421}.Release|Any CPU.ActiveCfg = Release|Any CPU
		{70903F55-7E3F-4ADC-92C9-C46B7B346421}.Release|Any CPU.Build.0 = Release|Any CPU
		{70903F55-7E3F-4ADC-92C9-C46B7B346421}.Release|x64.ActiveCfg = Release|Any CPU
		{70903F55-7E3F-4ADC-92C9-C46B7B346421}.Release|x64.Build.0 = Release|Any CPU
		{70903F55-7E3F-4ADC-92C9-C46B7B346421}.Release|x86.ActiveCfg = Release|Any CPU
		{70903F55-7E3F-4ADC-92C9-C46B7B346421}.Release|x86.Build.0 = Release|Any CPU
		{F89A18CE-2101-4A6D-A2B3-3FD60EF8E0B2}.Debug|Any CPU.ActiveCfg = Debug|Any CPU
		{F89A18CE-2101-4A6D-A2B3-3FD60EF8E0B2}.Debug|Any CPU.Build.0 = Debug|Any CPU
		{F89A18CE-2101-4A6D-A2B3-3FD60EF8E0B2}.Debug|x64.ActiveCfg = Debug|Any CPU
		{F89A18CE-2101-4A6D-A2B3-3FD60EF8E0B2}.Debug|x64.Build.0 = Debug|Any CPU
		{F89A18CE-2101-4A6D-A2B3-3FD60EF8E0B2}.Debug|x86.ActiveCfg = Debug|Any CPU
		{F89A18CE-2101-4A6D-A2B3-3FD60EF8E0B2}.Debug|x86.Build.0 = Debug|Any CPU
		{F89A18CE-2101-4A6D-A2B3-3FD60EF8E0B2}.Release|Any CPU.ActiveCfg = Release|Any CPU
		{F89A18CE-2101-4A6D-A2B3-3FD60EF8E0B2}.Release|Any CPU.Build.0 = Release|Any CPU
		{F89A18CE-2101-4A6D-A2B3-3FD60EF8E0B2}.Release|x64.ActiveCfg = Release|Any CPU
		{F89A18CE-2101-4A6D-A2B3-3FD60EF8E0B2}.Release|x64.Build.0 = Release|Any CPU
		{F89A18CE-2101-4A6D-A2B3-3FD60EF8E0B2}.Release|x86.ActiveCfg = Release|Any CPU
		{F89A18CE-2101-4A6D-A2B3-3FD60EF8E0B2}.Release|x86.Build.0 = Release|Any CPU
		{309F3EA2-922A-498B-8F84-BB8F514253E3}.Debug|Any CPU.ActiveCfg = Debug|Any CPU
		{309F3EA2-922A-498B-8F84-BB8F514253E3}.Debug|Any CPU.Build.0 = Debug|Any CPU
		{309F3EA2-922A-498B-8F84-BB8F514253E3}.Debug|x64.ActiveCfg = Debug|Any CPU
		{309F3EA2-922A-498B-8F84-BB8F514253E3}.Debug|x64.Build.0 = Debug|Any CPU
		{309F3EA2-922A-498B-8F84-BB8F514253E3}.Debug|x86.ActiveCfg = Debug|Any CPU
		{309F3EA2-922A-498B-8F84-BB8F514253E3}.Debug|x86.Build.0 = Debug|Any CPU
		{309F3EA2-922A-498B-8F84-BB8F514253E3}.Release|Any CPU.ActiveCfg = Release|Any CPU
		{309F3EA2-922A-498B-8F84-BB8F514253E3}.Release|Any CPU.Build.0 = Release|Any CPU
		{309F3EA2-922A-498B-8F84-BB8F514253E3}.Release|x64.ActiveCfg = Release|Any CPU
		{309F3EA2-922A-498B-8F84-BB8F514253E3}.Release|x64.Build.0 = Release|Any CPU
		{309F3EA2-922A-498B-8F84-BB8F514253E3}.Release|x86.ActiveCfg = Release|Any CPU
		{309F3EA2-922A-498B-8F84-BB8F514253E3}.Release|x86.Build.0 = Release|Any CPU
		{6282BE99-CE20-4331-B67F-35B216DF771A}.Debug|Any CPU.ActiveCfg = Debug|Any CPU
		{6282BE99-CE20-4331-B67F-35B216DF771A}.Debug|Any CPU.Build.0 = Debug|Any CPU
		{6282BE99-CE20-4331-B67F-35B216DF771A}.Debug|x64.ActiveCfg = Debug|Any CPU
		{6282BE99-CE20-4331-B67F-35B216DF771A}.Debug|x64.Build.0 = Debug|Any CPU
		{6282BE99-CE20-4331-B67F-35B216DF771A}.Debug|x86.ActiveCfg = Debug|Any CPU
		{6282BE99-CE20-4331-B67F-35B216DF771A}.Debug|x86.Build.0 = Debug|Any CPU
		{6282BE99-CE20-4331-B67F-35B216DF771A}.Release|Any CPU.ActiveCfg = Release|Any CPU
		{6282BE99-CE20-4331-B67F-35B216DF771A}.Release|Any CPU.Build.0 = Release|Any CPU
		{6282BE99-CE20-4331-B67F-35B216DF771A}.Release|x64.ActiveCfg = Release|Any CPU
		{6282BE99-CE20-4331-B67F-35B216DF771A}.Release|x64.Build.0 = Release|Any CPU
		{6282BE99-CE20-4331-B67F-35B216DF771A}.Release|x86.ActiveCfg = Release|Any CPU
		{6282BE99-CE20-4331-B67F-35B216DF771A}.Release|x86.Build.0 = Release|Any CPU
		{B6813448-FCE2-429C-81B5-9722FEA839B8}.Debug|Any CPU.ActiveCfg = Debug|Any CPU
		{B6813448-FCE2-429C-81B5-9722FEA839B8}.Debug|Any CPU.Build.0 = Debug|Any CPU
		{B6813448-FCE2-429C-81B5-9722FEA839B8}.Debug|x64.ActiveCfg = Debug|Any CPU
		{B6813448-FCE2-429C-81B5-9722FEA839B8}.Debug|x64.Build.0 = Debug|Any CPU
		{B6813448-FCE2-429C-81B5-9722FEA839B8}.Debug|x86.ActiveCfg = Debug|x86
		{B6813448-FCE2-429C-81B5-9722FEA839B8}.Debug|x86.Build.0 = Debug|x86
		{B6813448-FCE2-429C-81B5-9722FEA839B8}.Release|Any CPU.ActiveCfg = Release|Any CPU
		{B6813448-FCE2-429C-81B5-9722FEA839B8}.Release|Any CPU.Build.0 = Release|Any CPU
		{B6813448-FCE2-429C-81B5-9722FEA839B8}.Release|x64.ActiveCfg = Release|x64
		{B6813448-FCE2-429C-81B5-9722FEA839B8}.Release|x64.Build.0 = Release|x64
		{B6813448-FCE2-429C-81B5-9722FEA839B8}.Release|x86.ActiveCfg = Release|x86
		{B6813448-FCE2-429C-81B5-9722FEA839B8}.Release|x86.Build.0 = Release|x86
		{E5740B08-507A-4B3A-AE2C-9018D4005671}.Debug|Any CPU.ActiveCfg = Debug|Any CPU
		{E5740B08-507A-4B3A-AE2C-9018D4005671}.Debug|Any CPU.Build.0 = Debug|Any CPU
		{E5740B08-507A-4B3A-AE2C-9018D4005671}.Debug|x64.ActiveCfg = Debug|Any CPU
		{E5740B08-507A-4B3A-AE2C-9018D4005671}.Debug|x64.Build.0 = Debug|Any CPU
		{E5740B08-507A-4B3A-AE2C-9018D4005671}.Debug|x86.ActiveCfg = Debug|Any CPU
		{E5740B08-507A-4B3A-AE2C-9018D4005671}.Debug|x86.Build.0 = Debug|Any CPU
		{E5740B08-507A-4B3A-AE2C-9018D4005671}.Release|Any CPU.ActiveCfg = Release|Any CPU
		{E5740B08-507A-4B3A-AE2C-9018D4005671}.Release|Any CPU.Build.0 = Release|Any CPU
		{E5740B08-507A-4B3A-AE2C-9018D4005671}.Release|x64.ActiveCfg = Release|Any CPU
		{E5740B08-507A-4B3A-AE2C-9018D4005671}.Release|x64.Build.0 = Release|Any CPU
		{E5740B08-507A-4B3A-AE2C-9018D4005671}.Release|x86.ActiveCfg = Release|Any CPU
		{E5740B08-507A-4B3A-AE2C-9018D4005671}.Release|x86.Build.0 = Release|Any CPU
		{8A7BD567-7F1A-4C5E-915A-F9DB01554C9A}.Debug|Any CPU.ActiveCfg = Debug|Any CPU
		{8A7BD567-7F1A-4C5E-915A-F9DB01554C9A}.Debug|Any CPU.Build.0 = Debug|Any CPU
		{8A7BD567-7F1A-4C5E-915A-F9DB01554C9A}.Debug|x64.ActiveCfg = Debug|Any CPU
		{8A7BD567-7F1A-4C5E-915A-F9DB01554C9A}.Debug|x64.Build.0 = Debug|Any CPU
		{8A7BD567-7F1A-4C5E-915A-F9DB01554C9A}.Debug|x86.ActiveCfg = Debug|Any CPU
		{8A7BD567-7F1A-4C5E-915A-F9DB01554C9A}.Debug|x86.Build.0 = Debug|Any CPU
		{8A7BD567-7F1A-4C5E-915A-F9DB01554C9A}.Release|Any CPU.ActiveCfg = Release|Any CPU
		{8A7BD567-7F1A-4C5E-915A-F9DB01554C9A}.Release|Any CPU.Build.0 = Release|Any CPU
		{8A7BD567-7F1A-4C5E-915A-F9DB01554C9A}.Release|x64.ActiveCfg = Release|Any CPU
		{8A7BD567-7F1A-4C5E-915A-F9DB01554C9A}.Release|x64.Build.0 = Release|Any CPU
		{8A7BD567-7F1A-4C5E-915A-F9DB01554C9A}.Release|x86.ActiveCfg = Release|Any CPU
		{8A7BD567-7F1A-4C5E-915A-F9DB01554C9A}.Release|x86.Build.0 = Release|Any CPU
		{EDE4D6E2-4BC4-48E5-854D-F89197E4D5D4}.Debug|Any CPU.ActiveCfg = Debug|Any CPU
		{EDE4D6E2-4BC4-48E5-854D-F89197E4D5D4}.Debug|Any CPU.Build.0 = Debug|Any CPU
		{EDE4D6E2-4BC4-48E5-854D-F89197E4D5D4}.Debug|x64.ActiveCfg = Debug|Any CPU
		{EDE4D6E2-4BC4-48E5-854D-F89197E4D5D4}.Debug|x64.Build.0 = Debug|Any CPU
		{EDE4D6E2-4BC4-48E5-854D-F89197E4D5D4}.Debug|x86.ActiveCfg = Debug|Any CPU
		{EDE4D6E2-4BC4-48E5-854D-F89197E4D5D4}.Debug|x86.Build.0 = Debug|Any CPU
		{EDE4D6E2-4BC4-48E5-854D-F89197E4D5D4}.Release|Any CPU.ActiveCfg = Release|Any CPU
		{EDE4D6E2-4BC4-48E5-854D-F89197E4D5D4}.Release|Any CPU.Build.0 = Release|Any CPU
		{EDE4D6E2-4BC4-48E5-854D-F89197E4D5D4}.Release|x64.ActiveCfg = Release|Any CPU
		{EDE4D6E2-4BC4-48E5-854D-F89197E4D5D4}.Release|x64.Build.0 = Release|Any CPU
		{EDE4D6E2-4BC4-48E5-854D-F89197E4D5D4}.Release|x86.ActiveCfg = Release|Any CPU
		{EDE4D6E2-4BC4-48E5-854D-F89197E4D5D4}.Release|x86.Build.0 = Release|Any CPU
		{75381455-8932-4820-8D32-EBAFD15575BB}.Debug|Any CPU.ActiveCfg = Debug|Any CPU
		{75381455-8932-4820-8D32-EBAFD15575BB}.Debug|Any CPU.Build.0 = Debug|Any CPU
		{75381455-8932-4820-8D32-EBAFD15575BB}.Debug|x64.ActiveCfg = Debug|Any CPU
		{75381455-8932-4820-8D32-EBAFD15575BB}.Debug|x64.Build.0 = Debug|Any CPU
		{75381455-8932-4820-8D32-EBAFD15575BB}.Debug|x86.ActiveCfg = Debug|Any CPU
		{75381455-8932-4820-8D32-EBAFD15575BB}.Debug|x86.Build.0 = Debug|Any CPU
		{75381455-8932-4820-8D32-EBAFD15575BB}.Release|Any CPU.ActiveCfg = Release|Any CPU
		{75381455-8932-4820-8D32-EBAFD15575BB}.Release|Any CPU.Build.0 = Release|Any CPU
		{75381455-8932-4820-8D32-EBAFD15575BB}.Release|x64.ActiveCfg = Release|Any CPU
		{75381455-8932-4820-8D32-EBAFD15575BB}.Release|x64.Build.0 = Release|Any CPU
		{75381455-8932-4820-8D32-EBAFD15575BB}.Release|x86.ActiveCfg = Release|Any CPU
		{75381455-8932-4820-8D32-EBAFD15575BB}.Release|x86.Build.0 = Release|Any CPU
		{8A8B2C11-8BC2-41E9-8092-6D4689CAD6DA}.Debug|Any CPU.ActiveCfg = Debug|Any CPU
		{8A8B2C11-8BC2-41E9-8092-6D4689CAD6DA}.Debug|Any CPU.Build.0 = Debug|Any CPU
		{8A8B2C11-8BC2-41E9-8092-6D4689CAD6DA}.Debug|x64.ActiveCfg = Debug|Any CPU
		{8A8B2C11-8BC2-41E9-8092-6D4689CAD6DA}.Debug|x64.Build.0 = Debug|Any CPU
		{8A8B2C11-8BC2-41E9-8092-6D4689CAD6DA}.Debug|x86.ActiveCfg = Debug|Any CPU
		{8A8B2C11-8BC2-41E9-8092-6D4689CAD6DA}.Debug|x86.Build.0 = Debug|Any CPU
		{8A8B2C11-8BC2-41E9-8092-6D4689CAD6DA}.Release|Any CPU.ActiveCfg = Release|Any CPU
		{8A8B2C11-8BC2-41E9-8092-6D4689CAD6DA}.Release|Any CPU.Build.0 = Release|Any CPU
		{8A8B2C11-8BC2-41E9-8092-6D4689CAD6DA}.Release|x64.ActiveCfg = Release|Any CPU
		{8A8B2C11-8BC2-41E9-8092-6D4689CAD6DA}.Release|x64.Build.0 = Release|Any CPU
		{8A8B2C11-8BC2-41E9-8092-6D4689CAD6DA}.Release|x86.ActiveCfg = Release|Any CPU
		{8A8B2C11-8BC2-41E9-8092-6D4689CAD6DA}.Release|x86.Build.0 = Release|Any CPU
		{DD187597-EFA3-4839-AC7D-77E836218DAA}.Debug|Any CPU.ActiveCfg = Debug|Any CPU
		{DD187597-EFA3-4839-AC7D-77E836218DAA}.Debug|Any CPU.Build.0 = Debug|Any CPU
		{DD187597-EFA3-4839-AC7D-77E836218DAA}.Debug|x64.ActiveCfg = Debug|Any CPU
		{DD187597-EFA3-4839-AC7D-77E836218DAA}.Debug|x64.Build.0 = Debug|Any CPU
		{DD187597-EFA3-4839-AC7D-77E836218DAA}.Debug|x86.ActiveCfg = Debug|Any CPU
		{DD187597-EFA3-4839-AC7D-77E836218DAA}.Debug|x86.Build.0 = Debug|Any CPU
		{DD187597-EFA3-4839-AC7D-77E836218DAA}.Release|Any CPU.ActiveCfg = Release|Any CPU
		{DD187597-EFA3-4839-AC7D-77E836218DAA}.Release|Any CPU.Build.0 = Release|Any CPU
		{DD187597-EFA3-4839-AC7D-77E836218DAA}.Release|x64.ActiveCfg = Release|Any CPU
		{DD187597-EFA3-4839-AC7D-77E836218DAA}.Release|x64.Build.0 = Release|Any CPU
		{DD187597-EFA3-4839-AC7D-77E836218DAA}.Release|x86.ActiveCfg = Release|Any CPU
		{DD187597-EFA3-4839-AC7D-77E836218DAA}.Release|x86.Build.0 = Release|Any CPU
		{8F40979D-89C8-4944-AB6D-017392CEE38D}.Debug|Any CPU.ActiveCfg = Debug|Any CPU
		{8F40979D-89C8-4944-AB6D-017392CEE38D}.Debug|Any CPU.Build.0 = Debug|Any CPU
		{8F40979D-89C8-4944-AB6D-017392CEE38D}.Debug|x64.ActiveCfg = Debug|Any CPU
		{8F40979D-89C8-4944-AB6D-017392CEE38D}.Debug|x64.Build.0 = Debug|Any CPU
		{8F40979D-89C8-4944-AB6D-017392CEE38D}.Debug|x86.ActiveCfg = Debug|Any CPU
		{8F40979D-89C8-4944-AB6D-017392CEE38D}.Debug|x86.Build.0 = Debug|Any CPU
		{8F40979D-89C8-4944-AB6D-017392CEE38D}.Release|Any CPU.ActiveCfg = Release|Any CPU
		{8F40979D-89C8-4944-AB6D-017392CEE38D}.Release|Any CPU.Build.0 = Release|Any CPU
		{8F40979D-89C8-4944-AB6D-017392CEE38D}.Release|x64.ActiveCfg = Release|Any CPU
		{8F40979D-89C8-4944-AB6D-017392CEE38D}.Release|x64.Build.0 = Release|Any CPU
		{8F40979D-89C8-4944-AB6D-017392CEE38D}.Release|x86.ActiveCfg = Release|Any CPU
		{8F40979D-89C8-4944-AB6D-017392CEE38D}.Release|x86.Build.0 = Release|Any CPU
		{E2C327B1-BDEA-436C-BB00-993F8B2351AD}.Debug|Any CPU.ActiveCfg = Debug|Any CPU
		{E2C327B1-BDEA-436C-BB00-993F8B2351AD}.Debug|Any CPU.Build.0 = Debug|Any CPU
		{E2C327B1-BDEA-436C-BB00-993F8B2351AD}.Debug|x64.ActiveCfg = Debug|Any CPU
		{E2C327B1-BDEA-436C-BB00-993F8B2351AD}.Debug|x64.Build.0 = Debug|Any CPU
		{E2C327B1-BDEA-436C-BB00-993F8B2351AD}.Debug|x86.ActiveCfg = Debug|Any CPU
		{E2C327B1-BDEA-436C-BB00-993F8B2351AD}.Debug|x86.Build.0 = Debug|Any CPU
		{E2C327B1-BDEA-436C-BB00-993F8B2351AD}.Release|Any CPU.ActiveCfg = Release|Any CPU
		{E2C327B1-BDEA-436C-BB00-993F8B2351AD}.Release|Any CPU.Build.0 = Release|Any CPU
		{E2C327B1-BDEA-436C-BB00-993F8B2351AD}.Release|x64.ActiveCfg = Release|Any CPU
		{E2C327B1-BDEA-436C-BB00-993F8B2351AD}.Release|x64.Build.0 = Release|Any CPU
		{E2C327B1-BDEA-436C-BB00-993F8B2351AD}.Release|x86.ActiveCfg = Release|Any CPU
		{E2C327B1-BDEA-436C-BB00-993F8B2351AD}.Release|x86.Build.0 = Release|Any CPU
		{0B2636C1-D2C7-4D9C-AACB-7010E2FC6ECA}.Debug|Any CPU.ActiveCfg = Debug|Any CPU
		{0B2636C1-D2C7-4D9C-AACB-7010E2FC6ECA}.Debug|Any CPU.Build.0 = Debug|Any CPU
		{0B2636C1-D2C7-4D9C-AACB-7010E2FC6ECA}.Debug|x64.ActiveCfg = Debug|Any CPU
		{0B2636C1-D2C7-4D9C-AACB-7010E2FC6ECA}.Debug|x64.Build.0 = Debug|Any CPU
		{0B2636C1-D2C7-4D9C-AACB-7010E2FC6ECA}.Debug|x86.ActiveCfg = Debug|Any CPU
		{0B2636C1-D2C7-4D9C-AACB-7010E2FC6ECA}.Debug|x86.Build.0 = Debug|Any CPU
		{0B2636C1-D2C7-4D9C-AACB-7010E2FC6ECA}.Release|Any CPU.ActiveCfg = Release|Any CPU
		{0B2636C1-D2C7-4D9C-AACB-7010E2FC6ECA}.Release|Any CPU.Build.0 = Release|Any CPU
		{0B2636C1-D2C7-4D9C-AACB-7010E2FC6ECA}.Release|x64.ActiveCfg = Release|Any CPU
		{0B2636C1-D2C7-4D9C-AACB-7010E2FC6ECA}.Release|x64.Build.0 = Release|Any CPU
		{0B2636C1-D2C7-4D9C-AACB-7010E2FC6ECA}.Release|x86.ActiveCfg = Release|Any CPU
		{0B2636C1-D2C7-4D9C-AACB-7010E2FC6ECA}.Release|x86.Build.0 = Release|Any CPU
		{22149FD6-70B1-48D8-A889-B264E3A523E1}.Debug|Any CPU.ActiveCfg = Debug|Any CPU
		{22149FD6-70B1-48D8-A889-B264E3A523E1}.Debug|Any CPU.Build.0 = Debug|Any CPU
		{22149FD6-70B1-48D8-A889-B264E3A523E1}.Debug|x64.ActiveCfg = Debug|Any CPU
		{22149FD6-70B1-48D8-A889-B264E3A523E1}.Debug|x64.Build.0 = Debug|Any CPU
		{22149FD6-70B1-48D8-A889-B264E3A523E1}.Debug|x86.ActiveCfg = Debug|Any CPU
		{22149FD6-70B1-48D8-A889-B264E3A523E1}.Debug|x86.Build.0 = Debug|Any CPU
		{22149FD6-70B1-48D8-A889-B264E3A523E1}.Release|Any CPU.ActiveCfg = Release|Any CPU
		{22149FD6-70B1-48D8-A889-B264E3A523E1}.Release|Any CPU.Build.0 = Release|Any CPU
		{22149FD6-70B1-48D8-A889-B264E3A523E1}.Release|x64.ActiveCfg = Release|Any CPU
		{22149FD6-70B1-48D8-A889-B264E3A523E1}.Release|x64.Build.0 = Release|Any CPU
		{22149FD6-70B1-48D8-A889-B264E3A523E1}.Release|x86.ActiveCfg = Release|Any CPU
		{22149FD6-70B1-48D8-A889-B264E3A523E1}.Release|x86.Build.0 = Release|Any CPU
	EndGlobalSection
	GlobalSection(SolutionProperties) = preSolution
		HideSolutionNode = FALSE
	EndGlobalSection
	GlobalSection(ExtensibilityGlobals) = postSolution
		SolutionGuid = {06528543-CB21-4AF9-8245-79EC41D4A2C2}
	EndGlobalSection
EndGlobal
